
Microsoft Visual Studio Solution File, Format Version 12.00
# Visual Studio Version 16
VisualStudioVersion = 16.0.29521.150
MinimumVisualStudioVersion = 10.0.40219.1
Project("{FAE04EC0-301F-11D3-BF4B-00C04F79EFBC}") = "eMistrApiScaffold", "eMistrApiScaffold\eMistrApiScaffold.csproj", "{FB7AFA39-8833-4A85-922B-41F0A94A7F08}"
EndProject
Global
	GlobalSection(SolutionConfigurationPlatforms) = preSolution
		Debug|Any CPU = Debug|Any CPU
		Release|Any CPU = Release|Any CPU
	EndGlobalSection
	GlobalSection(ProjectConfigurationPlatforms) = postSolution
		{FB7AFA39-8833-4A85-922B-41F0A94A7F08}.Debug|Any CPU.ActiveCfg = Debug|Any CPU
		{FB7AFA39-8833-4A85-922B-41F0A94A7F08}.Debug|Any CPU.Build.0 = Debug|Any CPU
		{FB7AFA39-8833-4A85-922B-41F0A94A7F08}.Release|Any CPU.ActiveCfg = Release|Any CPU
		{FB7AFA39-8833-4A85-922B-41F0A94A7F08}.Release|Any CPU.Build.0 = Release|Any CPU
	EndGlobalSection
	GlobalSection(SolutionProperties) = preSolution
		HideSolutionNode = FALSE
	EndGlobalSection
	GlobalSection(ExtensibilityGlobals) = postSolution
		SolutionGuid = {6422FAE4-7139-4BE1-9E7F-C8DF9D58E153}
	EndGlobalSection
EndGlobal
